
Microsoft Visual Studio Solution File, Format Version 12.00
# Visual Studio Version 17
VisualStudioVersion = 17.11.35208.52
MinimumVisualStudioVersion = 10.0.40219.1
Project("{8BC9CEB8-8B4A-11D0-8D11-00A0C91BC942}") = "C Test", "C Test\C Test.vcxproj", "{F3B712E4-02A8-4D06-9443-AA80B30DBD1F}"
EndProject
Global
	GlobalSection(SolutionConfigurationPlatforms) = preSolution
		Debug|ARM64 = Debug|ARM64
		Debug|x64 = Debug|x64
		Debug|x86 = Debug|x86
		Release|ARM64 = Release|ARM64
		Release|x64 = Release|x64
		Release|x86 = Release|x86
	EndGlobalSection
	GlobalSection(ProjectConfigurationPlatforms) = postSolution
		{F3B712E4-02A8-4D06-9443-AA80B30DBD1F}.Debug|ARM64.ActiveCfg = Debug|ARM64
		{F3B712E4-02A8-4D06-9443-AA80B30DBD1F}.Debug|ARM64.Build.0 = Debug|ARM64
		{F3B712E4-02A8-4D06-9443-AA80B30DBD1F}.Debug|x64.ActiveCfg = Debug|x64
		{F3B712E4-02A8-4D06-9443-AA80B30DBD1F}.Debug|x64.Build.0 = Debug|x64
		{F3B712E4-02A8-4D06-9443-AA80B30DBD1F}.Debug|x86.ActiveCfg = Debug|Win32
		{F3B712E4-02A8-4D06-9443-AA80B30DBD1F}.Debug|x86.Build.0 = Debug|Win32
		{F3B712E4-02A8-4D06-9443-AA80B30DBD1F}.Release|ARM64.ActiveCfg = Release|ARM64
		{F3B712E4-02A8-4D06-9443-AA80B30DBD1F}.Release|ARM64.Build.0 = Release|ARM64
		{F3B712E4-02A8-4D06-9443-AA80B30DBD1F}.Release|x64.ActiveCfg = Release|x64
		{F3B712E4-02A8-4D06-9443-AA80B30DBD1F}.Release|x64.Build.0 = Release|x64
		{F3B712E4-02A8-4D06-9443-AA80B30DBD1F}.Release|x86.ActiveCfg = Release|Win32
		{F3B712E4-02A8-4D06-9443-AA80B30DBD1F}.Release|x86.Build.0 = Release|Win32
	EndGlobalSection
	GlobalSection(SolutionProperties) = preSolution
		HideSolutionNode = FALSE
	EndGlobalSection
	GlobalSection(ExtensibilityGlobals) = postSolution
		SolutionGuid = {ACEF8E02-2BE6-4B51-8347-3B11AA82C553}
	EndGlobalSection
EndGlobal
